
Microsoft Visual Studio Solution File, Format Version 12.00
# Visual Studio Version 16
VisualStudioVersion = 16.0.30204.135
MinimumVisualStudioVersion = 10.0.40219.1
Project("{FAE04EC0-301F-11D3-BF4B-00C04F79EFBC}") = "1. Sum Matrix Elements", "1. Sum Matrix Elements\1. Sum Matrix Elements.csproj", "{199C0A0A-A70B-4577-8DB7-E8A4D5CD509C}"
EndProject
Project("{FAE04EC0-301F-11D3-BF4B-00C04F79EFBC}") = "2. Sum Matrix Columns", "2. Sum Matrix Columns\2. Sum Matrix Columns.csproj", "{0A699DEC-F453-4E4F-9610-95BE9BDF09FB}"
EndProject
Project("{FAE04EC0-301F-11D3-BF4B-00C04F79EFBC}") = "5. Square With Maximum Sum", "5. Square With Maximum Sum\5. Square With Maximum Sum.csproj", "{AC19F6E5-19AD-46F8-A407-6C77A274436F}"
EndProject
Project("{FAE04EC0-301F-11D3-BF4B-00C04F79EFBC}") = "6. Jagged-Array Modification", "6. Jagged-Array Modification\6. Jagged-Array Modification.csproj", "{11A2C76B-ED06-4455-B59A-DA70620923E5}"
EndProject
Project("{FAE04EC0-301F-11D3-BF4B-00C04F79EFBC}") = "ExerciseJaggedArray", "ExerciseJaggedArray\ExerciseJaggedArray.csproj", "{CDACEBC4-AC6F-40C5-8712-387221327809}"
EndProject
Project("{FAE04EC0-301F-11D3-BF4B-00C04F79EFBC}") = "7. Pascal Triangle", "7. Pascal Triangle\7. Pascal Triangle.csproj", "{CDC80995-D0E9-4441-98F5-BF9E023AE330}"
EndProject
Project("{FAE04EC0-301F-11D3-BF4B-00C04F79EFBC}") = "3. Primary Diagonal", "3. Primary Diagonal\3. Primary Diagonal.csproj", "{42F0FD5E-265C-424E-9A07-6A01DA6BC69C}"
EndProject
Project("{FAE04EC0-301F-11D3-BF4B-00C04F79EFBC}") = "4. Symbol in Matrix", "4. Symbol in Matrix\4. Symbol in Matrix.csproj", "{3E9AF206-8054-4F70-849B-A2CB33CBAA73}"
EndProject
Global
	GlobalSection(SolutionConfigurationPlatforms) = preSolution
		Debug|Any CPU = Debug|Any CPU
		Release|Any CPU = Release|Any CPU
	EndGlobalSection
	GlobalSection(ProjectConfigurationPlatforms) = postSolution
		{199C0A0A-A70B-4577-8DB7-E8A4D5CD509C}.Debug|Any CPU.ActiveCfg = Debug|Any CPU
		{199C0A0A-A70B-4577-8DB7-E8A4D5CD509C}.Debug|Any CPU.Build.0 = Debug|Any CPU
		{199C0A0A-A70B-4577-8DB7-E8A4D5CD509C}.Release|Any CPU.ActiveCfg = Release|Any CPU
		{199C0A0A-A70B-4577-8DB7-E8A4D5CD509C}.Release|Any CPU.Build.0 = Release|Any CPU
		{0A699DEC-F453-4E4F-9610-95BE9BDF09FB}.Debug|Any CPU.ActiveCfg = Debug|Any CPU
		{0A699DEC-F453-4E4F-9610-95BE9BDF09FB}.Debug|Any CPU.Build.0 = Debug|Any CPU
		{0A699DEC-F453-4E4F-9610-95BE9BDF09FB}.Release|Any CPU.ActiveCfg = Release|Any CPU
		{0A699DEC-F453-4E4F-9610-95BE9BDF09FB}.Release|Any CPU.Build.0 = Release|Any CPU
		{AC19F6E5-19AD-46F8-A407-6C77A274436F}.Debug|Any CPU.ActiveCfg = Debug|Any CPU
		{AC19F6E5-19AD-46F8-A407-6C77A274436F}.Debug|Any CPU.Build.0 = Debug|Any CPU
		{AC19F6E5-19AD-46F8-A407-6C77A274436F}.Release|Any CPU.ActiveCfg = Release|Any CPU
		{AC19F6E5-19AD-46F8-A407-6C77A274436F}.Release|Any CPU.Build.0 = Release|Any CPU
		{11A2C76B-ED06-4455-B59A-DA70620923E5}.Debug|Any CPU.ActiveCfg = Debug|Any CPU
		{11A2C76B-ED06-4455-B59A-DA70620923E5}.Debug|Any CPU.Build.0 = Debug|Any CPU
		{11A2C76B-ED06-4455-B59A-DA70620923E5}.Release|Any CPU.ActiveCfg = Release|Any CPU
		{11A2C76B-ED06-4455-B59A-DA70620923E5}.Release|Any CPU.Build.0 = Release|Any CPU
		{CDACEBC4-AC6F-40C5-8712-387221327809}.Debug|Any CPU.ActiveCfg = Debug|Any CPU
		{CDACEBC4-AC6F-40C5-8712-387221327809}.Debug|Any CPU.Build.0 = Debug|Any CPU
		{CDACEBC4-AC6F-40C5-8712-387221327809}.Release|Any CPU.ActiveCfg = Release|Any CPU
		{CDACEBC4-AC6F-40C5-8712-387221327809}.Release|Any CPU.Build.0 = Release|Any CPU
		{CDC80995-D0E9-4441-98F5-BF9E023AE330}.Debug|Any CPU.ActiveCfg = Debug|Any CPU
		{CDC80995-D0E9-4441-98F5-BF9E023AE330}.Debug|Any CPU.Build.0 = Debug|Any CPU
		{CDC80995-D0E9-4441-98F5-BF9E023AE330}.Release|Any CPU.ActiveCfg = Release|Any CPU
		{CDC80995-D0E9-4441-98F5-BF9E023AE330}.Release|Any CPU.Build.0 = Release|Any CPU
		{42F0FD5E-265C-424E-9A07-6A01DA6BC69C}.Debug|Any CPU.ActiveCfg = Debug|Any CPU
		{42F0FD5E-265C-424E-9A07-6A01DA6BC69C}.Debug|Any CPU.Build.0 = Debug|Any CPU
		{42F0FD5E-265C-424E-9A07-6A01DA6BC69C}.Release|Any CPU.ActiveCfg = Release|Any CPU
		{42F0FD5E-265C-424E-9A07-6A01DA6BC69C}.Release|Any CPU.Build.0 = Release|Any CPU
		{3E9AF206-8054-4F70-849B-A2CB33CBAA73}.Debug|Any CPU.ActiveCfg = Debug|Any CPU
		{3E9AF206-8054-4F70-849B-A2CB33CBAA73}.Debug|Any CPU.Build.0 = Debug|Any CPU
		{3E9AF206-8054-4F70-849B-A2CB33CBAA73}.Release|Any CPU.ActiveCfg = Release|Any CPU
		{3E9AF206-8054-4F70-849B-A2CB33CBAA73}.Release|Any CPU.Build.0 = Release|Any CPU
	EndGlobalSection
	GlobalSection(SolutionProperties) = preSolution
		HideSolutionNode = FALSE
	EndGlobalSection
	GlobalSection(ExtensibilityGlobals) = postSolution
		SolutionGuid = {4548304C-86BA-4573-8929-13FCFE0DDC60}
	EndGlobalSection
EndGlobal
