
Microsoft Visual Studio Solution File, Format Version 12.00
# Visual Studio Version 16
VisualStudioVersion = 16.0.30204.135
MinimumVisualStudioVersion = 10.0.40219.1
Project("{FAE04EC0-301F-11D3-BF4B-00C04F79EFBC}") = "01. Sort Even Numbers", "01. Sort Even Numbers\01. Sort Even Numbers.csproj", "{1EB843DC-D99D-4E87-9630-AD638FCD9E13}"
EndProject
Project("{FAE04EC0-301F-11D3-BF4B-00C04F79EFBC}") = "02. Sum Numbers", "02. Sum Numbers\02. Sum Numbers.csproj", "{3AF07D3A-ED86-498A-AFC8-8B001C321C91}"
EndProject
Project("{FAE04EC0-301F-11D3-BF4B-00C04F79EFBC}") = "03. Count Uppercase Words", "03. Count Uppercase Words\03. Count Uppercase Words.csproj", "{FFE730B6-F27E-41B4-8949-CF3410901E08}"
EndProject
Project("{FAE04EC0-301F-11D3-BF4B-00C04F79EFBC}") = "04. Add VAT", "04. Add VAT\04. Add VAT.csproj", "{93C284B8-3121-4BB8-BA32-0F181506D3B0}"
EndProject
Project("{FAE04EC0-301F-11D3-BF4B-00C04F79EFBC}") = "05. Filter By Age", "05. Filter By Age\05. Filter By Age.csproj", "{5740CFCD-AB50-45D4-A2E5-220458D04D05}"
EndProject
Global
	GlobalSection(SolutionConfigurationPlatforms) = preSolution
		Debug|Any CPU = Debug|Any CPU
		Release|Any CPU = Release|Any CPU
	EndGlobalSection
	GlobalSection(ProjectConfigurationPlatforms) = postSolution
		{1EB843DC-D99D-4E87-9630-AD638FCD9E13}.Debug|Any CPU.ActiveCfg = Debug|Any CPU
		{1EB843DC-D99D-4E87-9630-AD638FCD9E13}.Debug|Any CPU.Build.0 = Debug|Any CPU
		{1EB843DC-D99D-4E87-9630-AD638FCD9E13}.Release|Any CPU.ActiveCfg = Release|Any CPU
		{1EB843DC-D99D-4E87-9630-AD638FCD9E13}.Release|Any CPU.Build.0 = Release|Any CPU
		{3AF07D3A-ED86-498A-AFC8-8B001C321C91}.Debug|Any CPU.ActiveCfg = Debug|Any CPU
		{3AF07D3A-ED86-498A-AFC8-8B001C321C91}.Debug|Any CPU.Build.0 = Debug|Any CPU
		{3AF07D3A-ED86-498A-AFC8-8B001C321C91}.Release|Any CPU.ActiveCfg = Release|Any CPU
		{3AF07D3A-ED86-498A-AFC8-8B001C321C91}.Release|Any CPU.Build.0 = Release|Any CPU
		{FFE730B6-F27E-41B4-8949-CF3410901E08}.Debug|Any CPU.ActiveCfg = Debug|Any CPU
		{FFE730B6-F27E-41B4-8949-CF3410901E08}.Debug|Any CPU.Build.0 = Debug|Any CPU
		{FFE730B6-F27E-41B4-8949-CF3410901E08}.Release|Any CPU.ActiveCfg = Release|Any CPU
		{FFE730B6-F27E-41B4-8949-CF3410901E08}.Release|Any CPU.Build.0 = Release|Any CPU
		{93C284B8-3121-4BB8-BA32-0F181506D3B0}.Debug|Any CPU.ActiveCfg = Debug|Any CPU
		{93C284B8-3121-4BB8-BA32-0F181506D3B0}.Debug|Any CPU.Build.0 = Debug|Any CPU
		{93C284B8-3121-4BB8-BA32-0F181506D3B0}.Release|Any CPU.ActiveCfg = Release|Any CPU
		{93C284B8-3121-4BB8-BA32-0F181506D3B0}.Release|Any CPU.Build.0 = Release|Any CPU
		{5740CFCD-AB50-45D4-A2E5-220458D04D05}.Debug|Any CPU.ActiveCfg = Debug|Any CPU
		{5740CFCD-AB50-45D4-A2E5-220458D04D05}.Debug|Any CPU.Build.0 = Debug|Any CPU
		{5740CFCD-AB50-45D4-A2E5-220458D04D05}.Release|Any CPU.ActiveCfg = Release|Any CPU
		{5740CFCD-AB50-45D4-A2E5-220458D04D05}.Release|Any CPU.Build.0 = Release|Any CPU
	EndGlobalSection
	GlobalSection(SolutionProperties) = preSolution
		HideSolutionNode = FALSE
	EndGlobalSection
	GlobalSection(ExtensibilityGlobals) = postSolution
		SolutionGuid = {0DCD9CDA-764D-4695-A046-88009BF5D428}
	EndGlobalSection
EndGlobal
