
Microsoft Visual Studio Solution File, Format Version 12.00
# Visual Studio Version 16
VisualStudioVersion = 16.0.30204.135
MinimumVisualStudioVersion = 10.0.40219.1
Project("{FAE04EC0-301F-11D3-BF4B-00C04F79EFBC}") = "01. Count Same Values in Array", "01. Count Same Values in Array\01. Count Same Values in Array.csproj", "{F5319689-1460-4C6B-A482-ED0E6F15B481}"
EndProject
Project("{FAE04EC0-301F-11D3-BF4B-00C04F79EFBC}") = "02. Average Student Grades", "02. Average Student Grades\02. Average Student Grades.csproj", "{7501B1FA-B43A-4EC2-87C9-1DE1FAF8D6E5}"
EndProject
Project("{FAE04EC0-301F-11D3-BF4B-00C04F79EFBC}") = "03. Largest 3 Numbers", "03. Largest 3 Numbers\03. Largest 3 Numbers.csproj", "{066BE31D-8D17-4B03-9995-67F839E84734}"
EndProject
Project("{FAE04EC0-301F-11D3-BF4B-00C04F79EFBC}") = "04. Product Shop", "04. Product Shop\04. Product Shop.csproj", "{087D6A9B-8A28-41FD-878E-BB77FE967430}"
EndProject
Project("{FAE04EC0-301F-11D3-BF4B-00C04F79EFBC}") = "05. Cities by Continent and Country", "05. Cities by Continent and Country\05. Cities by Continent and Country.csproj", "{17DADD5A-818C-4302-B9D5-6446D54446C6}"
EndProject
Global
	GlobalSection(SolutionConfigurationPlatforms) = preSolution
		Debug|Any CPU = Debug|Any CPU
		Release|Any CPU = Release|Any CPU
	EndGlobalSection
	GlobalSection(ProjectConfigurationPlatforms) = postSolution
		{F5319689-1460-4C6B-A482-ED0E6F15B481}.Debug|Any CPU.ActiveCfg = Debug|Any CPU
		{F5319689-1460-4C6B-A482-ED0E6F15B481}.Debug|Any CPU.Build.0 = Debug|Any CPU
		{F5319689-1460-4C6B-A482-ED0E6F15B481}.Release|Any CPU.ActiveCfg = Release|Any CPU
		{F5319689-1460-4C6B-A482-ED0E6F15B481}.Release|Any CPU.Build.0 = Release|Any CPU
		{7501B1FA-B43A-4EC2-87C9-1DE1FAF8D6E5}.Debug|Any CPU.ActiveCfg = Debug|Any CPU
		{7501B1FA-B43A-4EC2-87C9-1DE1FAF8D6E5}.Debug|Any CPU.Build.0 = Debug|Any CPU
		{7501B1FA-B43A-4EC2-87C9-1DE1FAF8D6E5}.Release|Any CPU.ActiveCfg = Release|Any CPU
		{7501B1FA-B43A-4EC2-87C9-1DE1FAF8D6E5}.Release|Any CPU.Build.0 = Release|Any CPU
		{066BE31D-8D17-4B03-9995-67F839E84734}.Debug|Any CPU.ActiveCfg = Debug|Any CPU
		{066BE31D-8D17-4B03-9995-67F839E84734}.Debug|Any CPU.Build.0 = Debug|Any CPU
		{066BE31D-8D17-4B03-9995-67F839E84734}.Release|Any CPU.ActiveCfg = Release|Any CPU
		{066BE31D-8D17-4B03-9995-67F839E84734}.Release|Any CPU.Build.0 = Release|Any CPU
		{087D6A9B-8A28-41FD-878E-BB77FE967430}.Debug|Any CPU.ActiveCfg = Debug|Any CPU
		{087D6A9B-8A28-41FD-878E-BB77FE967430}.Debug|Any CPU.Build.0 = Debug|Any CPU
		{087D6A9B-8A28-41FD-878E-BB77FE967430}.Release|Any CPU.ActiveCfg = Release|Any CPU
		{087D6A9B-8A28-41FD-878E-BB77FE967430}.Release|Any CPU.Build.0 = Release|Any CPU
		{17DADD5A-818C-4302-B9D5-6446D54446C6}.Debug|Any CPU.ActiveCfg = Debug|Any CPU
		{17DADD5A-818C-4302-B9D5-6446D54446C6}.Debug|Any CPU.Build.0 = Debug|Any CPU
		{17DADD5A-818C-4302-B9D5-6446D54446C6}.Release|Any CPU.ActiveCfg = Release|Any CPU
		{17DADD5A-818C-4302-B9D5-6446D54446C6}.Release|Any CPU.Build.0 = Release|Any CPU
	EndGlobalSection
	GlobalSection(SolutionProperties) = preSolution
		HideSolutionNode = FALSE
	EndGlobalSection
	GlobalSection(ExtensibilityGlobals) = postSolution
		SolutionGuid = {9437C282-CDC5-4927-B5B0-108B92E70E7D}
	EndGlobalSection
EndGlobal
