
Microsoft Visual Studio Solution File, Format Version 12.00
# Visual Studio Version 16
VisualStudioVersion = 16.0.30204.135
MinimumVisualStudioVersion = 10.0.40219.1
Project("{FAE04EC0-301F-11D3-BF4B-00C04F79EFBC}") = "01. Unique Usernames", "01. Unique Usernames\01. Unique Usernames.csproj", "{79426EF1-2EBE-45AD-897C-C4C7D23AB9DD}"
EndProject
Project("{FAE04EC0-301F-11D3-BF4B-00C04F79EFBC}") = "02. Sets of Elements", "02. Sets of Elements\02. Sets of Elements.csproj", "{799E8713-E935-4265-B609-9104DDFE2832}"
EndProject
Project("{FAE04EC0-301F-11D3-BF4B-00C04F79EFBC}") = "03. Periodic Table", "03. Periodic Table\03. Periodic Table.csproj", "{3108FDA1-3370-4278-9DB8-32D511377D2C}"
EndProject
Project("{FAE04EC0-301F-11D3-BF4B-00C04F79EFBC}") = "04. Even Times", "04. Even Times\04. Even Times.csproj", "{AA69BF45-863E-48AE-BA2E-7616DD4E39DA}"
EndProject
Project("{FAE04EC0-301F-11D3-BF4B-00C04F79EFBC}") = "06. Wardrobe", "06. Wardrobe\06. Wardrobe.csproj", "{ABAB5F19-CE7C-4CB6-854A-83B285B551E8}"
EndProject
Project("{FAE04EC0-301F-11D3-BF4B-00C04F79EFBC}") = "05. Count Symbols", "05. Count Symbols\05. Count Symbols.csproj", "{CCFE54A6-ABA4-496E-8FE2-7D5A1F9BF17C}"
EndProject
Global
	GlobalSection(SolutionConfigurationPlatforms) = preSolution
		Debug|Any CPU = Debug|Any CPU
		Release|Any CPU = Release|Any CPU
	EndGlobalSection
	GlobalSection(ProjectConfigurationPlatforms) = postSolution
		{79426EF1-2EBE-45AD-897C-C4C7D23AB9DD}.Debug|Any CPU.ActiveCfg = Debug|Any CPU
		{79426EF1-2EBE-45AD-897C-C4C7D23AB9DD}.Debug|Any CPU.Build.0 = Debug|Any CPU
		{79426EF1-2EBE-45AD-897C-C4C7D23AB9DD}.Release|Any CPU.ActiveCfg = Release|Any CPU
		{79426EF1-2EBE-45AD-897C-C4C7D23AB9DD}.Release|Any CPU.Build.0 = Release|Any CPU
		{799E8713-E935-4265-B609-9104DDFE2832}.Debug|Any CPU.ActiveCfg = Debug|Any CPU
		{799E8713-E935-4265-B609-9104DDFE2832}.Debug|Any CPU.Build.0 = Debug|Any CPU
		{799E8713-E935-4265-B609-9104DDFE2832}.Release|Any CPU.ActiveCfg = Release|Any CPU
		{799E8713-E935-4265-B609-9104DDFE2832}.Release|Any CPU.Build.0 = Release|Any CPU
		{3108FDA1-3370-4278-9DB8-32D511377D2C}.Debug|Any CPU.ActiveCfg = Debug|Any CPU
		{3108FDA1-3370-4278-9DB8-32D511377D2C}.Debug|Any CPU.Build.0 = Debug|Any CPU
		{3108FDA1-3370-4278-9DB8-32D511377D2C}.Release|Any CPU.ActiveCfg = Release|Any CPU
		{3108FDA1-3370-4278-9DB8-32D511377D2C}.Release|Any CPU.Build.0 = Release|Any CPU
		{AA69BF45-863E-48AE-BA2E-7616DD4E39DA}.Debug|Any CPU.ActiveCfg = Debug|Any CPU
		{AA69BF45-863E-48AE-BA2E-7616DD4E39DA}.Debug|Any CPU.Build.0 = Debug|Any CPU
		{AA69BF45-863E-48AE-BA2E-7616DD4E39DA}.Release|Any CPU.ActiveCfg = Release|Any CPU
		{AA69BF45-863E-48AE-BA2E-7616DD4E39DA}.Release|Any CPU.Build.0 = Release|Any CPU
		{ABAB5F19-CE7C-4CB6-854A-83B285B551E8}.Debug|Any CPU.ActiveCfg = Debug|Any CPU
		{ABAB5F19-CE7C-4CB6-854A-83B285B551E8}.Debug|Any CPU.Build.0 = Debug|Any CPU
		{ABAB5F19-CE7C-4CB6-854A-83B285B551E8}.Release|Any CPU.ActiveCfg = Release|Any CPU
		{ABAB5F19-CE7C-4CB6-854A-83B285B551E8}.Release|Any CPU.Build.0 = Release|Any CPU
		{CCFE54A6-ABA4-496E-8FE2-7D5A1F9BF17C}.Debug|Any CPU.ActiveCfg = Debug|Any CPU
		{CCFE54A6-ABA4-496E-8FE2-7D5A1F9BF17C}.Debug|Any CPU.Build.0 = Debug|Any CPU
		{CCFE54A6-ABA4-496E-8FE2-7D5A1F9BF17C}.Release|Any CPU.ActiveCfg = Release|Any CPU
		{CCFE54A6-ABA4-496E-8FE2-7D5A1F9BF17C}.Release|Any CPU.Build.0 = Release|Any CPU
	EndGlobalSection
	GlobalSection(SolutionProperties) = preSolution
		HideSolutionNode = FALSE
	EndGlobalSection
	GlobalSection(ExtensibilityGlobals) = postSolution
		SolutionGuid = {9A3E6657-EC3D-46AC-8C57-70C04C9F64D0}
	EndGlobalSection
EndGlobal
