
Microsoft Visual Studio Solution File, Format Version 12.00
# Visual Studio Version 16
VisualStudioVersion = 16.0.30204.135
MinimumVisualStudioVersion = 10.0.40219.1
Project("{FAE04EC0-301F-11D3-BF4B-00C04F79EFBC}") = "01.Reverse a String", "L01.StacksNQueues\01.Reverse a String.csproj", "{7D98B7D7-1EF7-43C5-92E1-B2DA88FCF4F3}"
EndProject
Project("{FAE04EC0-301F-11D3-BF4B-00C04F79EFBC}") = "02. Stack Sum", "02. Stack Sum\02. Stack Sum.csproj", "{125E3FCC-FD55-452A-A4E0-2B87FEAEC60E}"
EndProject
Project("{FAE04EC0-301F-11D3-BF4B-00C04F79EFBC}") = "03. Simple Calculator", "3. Simple Calculator\03. Simple Calculator.csproj", "{88E2A072-C7BE-4E9D-B6C1-CADBEB8BC660}"
EndProject
Project("{FAE04EC0-301F-11D3-BF4B-00C04F79EFBC}") = "04. Matching Brackets", "04. Matching Brackets\04. Matching Brackets.csproj", "{C6C0CE39-353B-4193-939C-23C46C1B7428}"
EndProject
Project("{FAE04EC0-301F-11D3-BF4B-00C04F79EFBC}") = "05. Print Even Numbers", "05. Print Even Numbers\05. Print Even Numbers.csproj", "{3F4D164A-EDB5-43CB-B434-0859098D93D0}"
EndProject
Global
	GlobalSection(SolutionConfigurationPlatforms) = preSolution
		Debug|Any CPU = Debug|Any CPU
		Release|Any CPU = Release|Any CPU
	EndGlobalSection
	GlobalSection(ProjectConfigurationPlatforms) = postSolution
		{7D98B7D7-1EF7-43C5-92E1-B2DA88FCF4F3}.Debug|Any CPU.ActiveCfg = Debug|Any CPU
		{7D98B7D7-1EF7-43C5-92E1-B2DA88FCF4F3}.Debug|Any CPU.Build.0 = Debug|Any CPU
		{7D98B7D7-1EF7-43C5-92E1-B2DA88FCF4F3}.Release|Any CPU.ActiveCfg = Release|Any CPU
		{7D98B7D7-1EF7-43C5-92E1-B2DA88FCF4F3}.Release|Any CPU.Build.0 = Release|Any CPU
		{125E3FCC-FD55-452A-A4E0-2B87FEAEC60E}.Debug|Any CPU.ActiveCfg = Debug|Any CPU
		{125E3FCC-FD55-452A-A4E0-2B87FEAEC60E}.Debug|Any CPU.Build.0 = Debug|Any CPU
		{125E3FCC-FD55-452A-A4E0-2B87FEAEC60E}.Release|Any CPU.ActiveCfg = Release|Any CPU
		{125E3FCC-FD55-452A-A4E0-2B87FEAEC60E}.Release|Any CPU.Build.0 = Release|Any CPU
		{88E2A072-C7BE-4E9D-B6C1-CADBEB8BC660}.Debug|Any CPU.ActiveCfg = Debug|Any CPU
		{88E2A072-C7BE-4E9D-B6C1-CADBEB8BC660}.Debug|Any CPU.Build.0 = Debug|Any CPU
		{88E2A072-C7BE-4E9D-B6C1-CADBEB8BC660}.Release|Any CPU.ActiveCfg = Release|Any CPU
		{88E2A072-C7BE-4E9D-B6C1-CADBEB8BC660}.Release|Any CPU.Build.0 = Release|Any CPU
		{C6C0CE39-353B-4193-939C-23C46C1B7428}.Debug|Any CPU.ActiveCfg = Debug|Any CPU
		{C6C0CE39-353B-4193-939C-23C46C1B7428}.Debug|Any CPU.Build.0 = Debug|Any CPU
		{C6C0CE39-353B-4193-939C-23C46C1B7428}.Release|Any CPU.ActiveCfg = Release|Any CPU
		{C6C0CE39-353B-4193-939C-23C46C1B7428}.Release|Any CPU.Build.0 = Release|Any CPU
		{3F4D164A-EDB5-43CB-B434-0859098D93D0}.Debug|Any CPU.ActiveCfg = Debug|Any CPU
		{3F4D164A-EDB5-43CB-B434-0859098D93D0}.Debug|Any CPU.Build.0 = Debug|Any CPU
		{3F4D164A-EDB5-43CB-B434-0859098D93D0}.Release|Any CPU.ActiveCfg = Release|Any CPU
		{3F4D164A-EDB5-43CB-B434-0859098D93D0}.Release|Any CPU.Build.0 = Release|Any CPU
	EndGlobalSection
	GlobalSection(SolutionProperties) = preSolution
		HideSolutionNode = FALSE
	EndGlobalSection
	GlobalSection(ExtensibilityGlobals) = postSolution
		SolutionGuid = {2326A822-7A08-4B06-9287-C958D2C92A19}
	EndGlobalSection
EndGlobal
